
Microsoft Visual Studio Solution File, Format Version 12.00
# Visual Studio Version 17
VisualStudioVersion = 17.14.36930.0 d17.14
MinimumVisualStudioVersion = 10.0.40219.1
Project("{FAE04EC0-301F-11D3-BF4B-00C04F79EFBC}") = "MarsRoverProject", "MarsRoverProject\MarsRoverProject.csproj", "{10A06DDC-2CA0-4264-A583-CA8DCAC91EEF}"
EndProject
Project("{FAE04EC0-301F-11D3-BF4B-00C04F79EFBC}") = "MarsRover.Tests", "MarsRover.Tests\MarsRover.Tests.csproj", "{1FC74D4C-08C2-49F8-8851-9C64D9DADFBC}"
EndProject
Global
	GlobalSection(SolutionConfigurationPlatforms) = preSolution
		Debug|Any CPU = Debug|Any CPU
		Release|Any CPU = Release|Any CPU
	EndGlobalSection
	GlobalSection(ProjectConfigurationPlatforms) = postSolution
		{10A06DDC-2CA0-4264-A583-CA8DCAC91EEF}.Debug|Any CPU.ActiveCfg = Debug|Any CPU
		{10A06DDC-2CA0-4264-A583-CA8DCAC91EEF}.Debug|Any CPU.Build.0 = Debug|Any CPU
		{10A06DDC-2CA0-4264-A583-CA8DCAC91EEF}.Release|Any CPU.ActiveCfg = Release|Any CPU
		{10A06DDC-2CA0-4264-A583-CA8DCAC91EEF}.Release|Any CPU.Build.0 = Release|Any CPU
		{1FC74D4C-08C2-49F8-8851-9C64D9DADFBC}.Debug|Any CPU.ActiveCfg = Debug|Any CPU
		{1FC74D4C-08C2-49F8-8851-9C64D9DADFBC}.Debug|Any CPU.Build.0 = Debug|Any CPU
		{1FC74D4C-08C2-49F8-8851-9C64D9DADFBC}.Release|Any CPU.ActiveCfg = Release|Any CPU
		{1FC74D4C-08C2-49F8-8851-9C64D9DADFBC}.Release|Any CPU.Build.0 = Release|Any CPU
	EndGlobalSection
	GlobalSection(SolutionProperties) = preSolution
		HideSolutionNode = FALSE
	EndGlobalSection
	GlobalSection(ExtensibilityGlobals) = postSolution
		SolutionGuid = {4F33F55F-FAAE-4C9A-9298-FCB683D8E199}
	EndGlobalSection
EndGlobal
